
Microsoft Visual Studio Solution File, Format Version 12.00
# Visual Studio Version 16
VisualStudioVersion = 16.0.30011.22
MinimumVisualStudioVersion = 10.0.40219.1
Project("{FAE04EC0-301F-11D3-BF4B-00C04F79EFBC}") = "YukiApplication", "YukiApplication\YukiApplication.csproj", "{745C54B6-1747-4002-9B3C-FF67CBCC744B}"
EndProject
Project("{FAE04EC0-301F-11D3-BF4B-00C04F79EFBC}") = "YukiApplication.Tests", "YukiApplication.Tests\YukiApplication.Tests.csproj", "{D0F351E9-3FA7-49C4-99C5-8AD44AD3706E}"
EndProject
Global
	GlobalSection(SolutionConfigurationPlatforms) = preSolution
		Debug|Any CPU = Debug|Any CPU
		Release|Any CPU = Release|Any CPU
	EndGlobalSection
	GlobalSection(ProjectConfigurationPlatforms) = postSolution
		{745C54B6-1747-4002-9B3C-FF67CBCC744B}.Debug|Any CPU.ActiveCfg = Debug|Any CPU
		{745C54B6-1747-4002-9B3C-FF67CBCC744B}.Debug|Any CPU.Build.0 = Debug|Any CPU
		{745C54B6-1747-4002-9B3C-FF67CBCC744B}.Release|Any CPU.ActiveCfg = Release|Any CPU
		{745C54B6-1747-4002-9B3C-FF67CBCC744B}.Release|Any CPU.Build.0 = Release|Any CPU
		{D0F351E9-3FA7-49C4-99C5-8AD44AD3706E}.Debug|Any CPU.ActiveCfg = Debug|Any CPU
		{D0F351E9-3FA7-49C4-99C5-8AD44AD3706E}.Debug|Any CPU.Build.0 = Debug|Any CPU
		{D0F351E9-3FA7-49C4-99C5-8AD44AD3706E}.Release|Any CPU.ActiveCfg = Release|Any CPU
		{D0F351E9-3FA7-49C4-99C5-8AD44AD3706E}.Release|Any CPU.Build.0 = Release|Any CPU
	EndGlobalSection
	GlobalSection(SolutionProperties) = preSolution
		HideSolutionNode = FALSE
	EndGlobalSection
	GlobalSection(ExtensibilityGlobals) = postSolution
		SolutionGuid = {5F05C366-A67D-4183-A13E-6D9B3A621ACA}
	EndGlobalSection
EndGlobal
